
Microsoft Visual Studio Solution File, Format Version 12.00
# Visual Studio Version 17
VisualStudioVersion = 17.9.34728.123
MinimumVisualStudioVersion = 10.0.40219.1
Project("{FAE04EC0-301F-11D3-BF4B-00C04F79EFBC}") = "ConsoleAppDZ7", "ConsoleAppDZ7.csproj", "{B1CBD4F4-453B-46C7-9D1F-7B9FC9D39B8D}"
EndProject
Global
	GlobalSection(SolutionConfigurationPlatforms) = preSolution
		Debug|Any CPU = Debug|Any CPU
		Release|Any CPU = Release|Any CPU
	EndGlobalSection
	GlobalSection(ProjectConfigurationPlatforms) = postSolution
		{B1CBD4F4-453B-46C7-9D1F-7B9FC9D39B8D}.Debug|Any CPU.ActiveCfg = Debug|Any CPU
		{B1CBD4F4-453B-46C7-9D1F-7B9FC9D39B8D}.Debug|Any CPU.Build.0 = Debug|Any CPU
		{B1CBD4F4-453B-46C7-9D1F-7B9FC9D39B8D}.Release|Any CPU.ActiveCfg = Release|Any CPU
		{B1CBD4F4-453B-46C7-9D1F-7B9FC9D39B8D}.Release|Any CPU.Build.0 = Release|Any CPU
	EndGlobalSection
	GlobalSection(SolutionProperties) = preSolution
		HideSolutionNode = FALSE
	EndGlobalSection
	GlobalSection(ExtensibilityGlobals) = postSolution
		SolutionGuid = {7EE5C81B-1391-451C-83BA-B8D54246CB84}
	EndGlobalSection
EndGlobal
